
Microsoft Visual Studio Solution File, Format Version 12.00
# Visual Studio 2013
VisualStudioVersion = 12.0.40629.0
MinimumVisualStudioVersion = 10.0.40219.1
Project("{FAE04EC0-301F-11D3-BF4B-00C04F79EFBC}") = "Demo", "Demo.csproj", "{4D4F9B4C-4C0C-4127-80D7-4A0043E43DFF}"
EndProject
Project("{FAE04EC0-301F-11D3-BF4B-00C04F79EFBC}") = "API.Test", "API.Test\API.Test.csproj", "{BC8A887E-90D2-47CD-82AE-6FAE16CFE35D}"
EndProject
Project("{FAE04EC0-301F-11D3-BF4B-00C04F79EFBC}") = "API", "API\API.csproj", "{48A86622-E332-4A21-A56A-8E663EF0D4C2}"
EndProject
Global
	GlobalSection(SolutionConfigurationPlatforms) = preSolution
		Debug|Any CPU = Debug|Any CPU
		Release|Any CPU = Release|Any CPU
	EndGlobalSection
	GlobalSection(ProjectConfigurationPlatforms) = postSolution
		{4D4F9B4C-4C0C-4127-80D7-4A0043E43DFF}.Debug|Any CPU.ActiveCfg = Debug|Any CPU
		{4D4F9B4C-4C0C-4127-80D7-4A0043E43DFF}.Debug|Any CPU.Build.0 = Debug|Any CPU
		{4D4F9B4C-4C0C-4127-80D7-4A0043E43DFF}.Release|Any CPU.ActiveCfg = Release|Any CPU
		{4D4F9B4C-4C0C-4127-80D7-4A0043E43DFF}.Release|Any CPU.Build.0 = Release|Any CPU
		{BC8A887E-90D2-47CD-82AE-6FAE16CFE35D}.Debug|Any CPU.ActiveCfg = Debug|Any CPU
		{BC8A887E-90D2-47CD-82AE-6FAE16CFE35D}.Debug|Any CPU.Build.0 = Debug|Any CPU
		{BC8A887E-90D2-47CD-82AE-6FAE16CFE35D}.Release|Any CPU.ActiveCfg = Release|Any CPU
		{BC8A887E-90D2-47CD-82AE-6FAE16CFE35D}.Release|Any CPU.Build.0 = Release|Any CPU
		{48A86622-E332-4A21-A56A-8E663EF0D4C2}.Debug|Any CPU.ActiveCfg = Debug|Any CPU
		{48A86622-E332-4A21-A56A-8E663EF0D4C2}.Debug|Any CPU.Build.0 = Debug|Any CPU
		{48A86622-E332-4A21-A56A-8E663EF0D4C2}.Release|Any CPU.ActiveCfg = Release|Any CPU
		{48A86622-E332-4A21-A56A-8E663EF0D4C2}.Release|Any CPU.Build.0 = Release|Any CPU
	EndGlobalSection
	GlobalSection(SolutionProperties) = preSolution
		HideSolutionNode = FALSE
	EndGlobalSection
EndGlobal
